
Microsoft Visual Studio Solution File, Format Version 12.00
# Visual Studio Version 17
VisualStudioVersion = 17.9.34714.143
MinimumVisualStudioVersion = 10.0.40219.1
Project("{FAE04EC0-301F-11D3-BF4B-00C04F79EFBC}") = "PZ12", "PZ12\PZ12.csproj", "{37C6DED8-DD51-435B-87F3-B77A2CB969A1}"
EndProject
Global
	GlobalSection(SolutionConfigurationPlatforms) = preSolution
		Debug|Any CPU = Debug|Any CPU
		Release|Any CPU = Release|Any CPU
	EndGlobalSection
	GlobalSection(ProjectConfigurationPlatforms) = postSolution
		{37C6DED8-DD51-435B-87F3-B77A2CB969A1}.Debug|Any CPU.ActiveCfg = Debug|Any CPU
		{37C6DED8-DD51-435B-87F3-B77A2CB969A1}.Debug|Any CPU.Build.0 = Debug|Any CPU
		{37C6DED8-DD51-435B-87F3-B77A2CB969A1}.Release|Any CPU.ActiveCfg = Release|Any CPU
		{37C6DED8-DD51-435B-87F3-B77A2CB969A1}.Release|Any CPU.Build.0 = Release|Any CPU
	EndGlobalSection
	GlobalSection(SolutionProperties) = preSolution
		HideSolutionNode = FALSE
	EndGlobalSection
	GlobalSection(ExtensibilityGlobals) = postSolution
		SolutionGuid = {A96524DD-2503-4B5C-8D2F-268D5BDB8813}
	EndGlobalSection
EndGlobal
